
Microsoft Visual Studio Solution File, Format Version 12.00
# Visual Studio Version 17
VisualStudioVersion = 17.4.33213.308
MinimumVisualStudioVersion = 10.0.40219.1
Project("{9A19103F-16F7-4668-BE54-9A1E7A4F7556}") = "ASP.NET Website", "ASP.NET Website\ASP.NET Website.csproj", "{203E62F9-ADAC-49C5-B99C-DB0EA9EE3E97}"
EndProject
Global
	GlobalSection(SolutionConfigurationPlatforms) = preSolution
		Debug|Any CPU = Debug|Any CPU
		Release|Any CPU = Release|Any CPU
	EndGlobalSection
	GlobalSection(ProjectConfigurationPlatforms) = postSolution
		{203E62F9-ADAC-49C5-B99C-DB0EA9EE3E97}.Debug|Any CPU.ActiveCfg = Debug|Any CPU
		{203E62F9-ADAC-49C5-B99C-DB0EA9EE3E97}.Debug|Any CPU.Build.0 = Debug|Any CPU
		{203E62F9-ADAC-49C5-B99C-DB0EA9EE3E97}.Release|Any CPU.ActiveCfg = Release|Any CPU
		{203E62F9-ADAC-49C5-B99C-DB0EA9EE3E97}.Release|Any CPU.Build.0 = Release|Any CPU
	EndGlobalSection
	GlobalSection(SolutionProperties) = preSolution
		HideSolutionNode = FALSE
	EndGlobalSection
	GlobalSection(ExtensibilityGlobals) = postSolution
		SolutionGuid = {3520C44E-A5E0-4DDB-9E99-622FD7962ECF}
	EndGlobalSection
EndGlobal
